
Microsoft Visual Studio Solution File, Format Version 12.00
# Visual Studio Version 16
VisualStudioVersion = 16.0.29613.14
MinimumVisualStudioVersion = 10.0.40219.1
Project("{FAE04EC0-301F-11D3-BF4B-00C04F79EFBC}") = "SearchableTest.WebApp", "SearchableTest.WebApp\SearchableTest.WebApp.csproj", "{016544D8-1E68-4A59-8CD9-ABA2CFD33963}"
EndProject
Global
	GlobalSection(SolutionConfigurationPlatforms) = preSolution
		Debug|Any CPU = Debug|Any CPU
		Release|Any CPU = Release|Any CPU
	EndGlobalSection
	GlobalSection(ProjectConfigurationPlatforms) = postSolution
		{016544D8-1E68-4A59-8CD9-ABA2CFD33963}.Debug|Any CPU.ActiveCfg = Debug|Any CPU
		{016544D8-1E68-4A59-8CD9-ABA2CFD33963}.Debug|Any CPU.Build.0 = Debug|Any CPU
		{016544D8-1E68-4A59-8CD9-ABA2CFD33963}.Release|Any CPU.ActiveCfg = Release|Any CPU
		{016544D8-1E68-4A59-8CD9-ABA2CFD33963}.Release|Any CPU.Build.0 = Release|Any CPU
	EndGlobalSection
	GlobalSection(SolutionProperties) = preSolution
		HideSolutionNode = FALSE
	EndGlobalSection
	GlobalSection(ExtensibilityGlobals) = postSolution
		SolutionGuid = {F4161CAA-314D-44BA-9DA2-42C094DD9F44}
	EndGlobalSection
EndGlobal
